
Microsoft Visual Studio Solution File, Format Version 12.00
# Visual Studio Version 17
VisualStudioVersion = 17.8.34525.116
MinimumVisualStudioVersion = 10.0.40219.1
Project("{8BC9CEB8-8B4A-11D0-8D11-00A0C91BC942}") = "Project2", "Project2\Project2.vcxproj", "{CD0DC632-F52B-4D9E-9E51-7F9091C8A319}"
EndProject
Global
	GlobalSection(SolutionConfigurationPlatforms) = preSolution
		Debug|x64 = Debug|x64
		Debug|x86 = Debug|x86
		Release|x64 = Release|x64
		Release|x86 = Release|x86
	EndGlobalSection
	GlobalSection(ProjectConfigurationPlatforms) = postSolution
		{CD0DC632-F52B-4D9E-9E51-7F9091C8A319}.Debug|x64.ActiveCfg = Debug|x64
		{CD0DC632-F52B-4D9E-9E51-7F9091C8A319}.Debug|x64.Build.0 = Debug|x64
		{CD0DC632-F52B-4D9E-9E51-7F9091C8A319}.Debug|x86.ActiveCfg = Debug|Win32
		{CD0DC632-F52B-4D9E-9E51-7F9091C8A319}.Debug|x86.Build.0 = Debug|Win32
		{CD0DC632-F52B-4D9E-9E51-7F9091C8A319}.Release|x64.ActiveCfg = Release|x64
		{CD0DC632-F52B-4D9E-9E51-7F9091C8A319}.Release|x64.Build.0 = Release|x64
		{CD0DC632-F52B-4D9E-9E51-7F9091C8A319}.Release|x86.ActiveCfg = Release|Win32
		{CD0DC632-F52B-4D9E-9E51-7F9091C8A319}.Release|x86.Build.0 = Release|Win32
	EndGlobalSection
	GlobalSection(SolutionProperties) = preSolution
		HideSolutionNode = FALSE
	EndGlobalSection
	GlobalSection(ExtensibilityGlobals) = postSolution
		SolutionGuid = {B2596ECC-05A1-4161-ABF6-9188DC4CB1A2}
	EndGlobalSection
EndGlobal
